# THIS IS AN AUTOGENERATED FILE. DO NOT EDIT THIS FILE DIRECTLY.
# yarn lockfile v1


"@types/express-serve-static-core@*":
  version "4.0.41"
  resolved "https://registry.yarnpkg.com/@types/express-serve-static-core/-/express-serve-static-core-4.0.41.tgz#05df354cbbe5069b4c089320065870033f41e670"
  dependencies:
    "@types/node" "*"

"@types/express@^4.0.35":
  version "4.0.35"
  resolved "https://registry.yarnpkg.com/@types/express/-/express-4.0.35.tgz#6267c7b60a51fac473467b3c4a02cd1e441805fe"
  dependencies:
    "@types/express-serve-static-core" "*"
    "@types/serve-static" "*"

"@types/mime@*":
  version "0.0.29"
  resolved "https://registry.yarnpkg.com/@types/mime/-/mime-0.0.29.tgz#fbcfd330573b912ef59eeee14602bface630754b"

"@types/node@*":
  version "7.0.8"
  resolved "https://registry.yarnpkg.com/@types/node/-/node-7.0.8.tgz#25e4dd804b630c916ae671233e6d71f6ce18124a"

"@types/serve-static@*":
  version "1.7.31"
  resolved "https://registry.yarnpkg.com/@types/serve-static/-/serve-static-1.7.31.tgz#15456de8d98d6b4cff31be6c6af7492ae63f521a"
  dependencies:
    "@types/express-serve-static-core" "*"
    "@types/mime" "*"

typescript@^2.2.1:
  version "2.2.1"
  resolved "https://registry.yarnpkg.com/typescript/-/typescript-2.2.1.tgz#4862b662b988a4c8ff691cc7969622d24db76ae9"
